
Microsoft Visual Studio Solution File, Format Version 12.00
# Visual Studio Version 17
VisualStudioVersion = 17.7.34031.279
MinimumVisualStudioVersion = 10.0.40219.1
Project("{FAE04EC0-301F-11D3-BF4B-00C04F79EFBC}") = "Course paper", "Course paper\Course paper.csproj", "{AEE1524B-61C2-4250-8EF1-318E9E340F1D}"
EndProject
Global
	GlobalSection(SolutionConfigurationPlatforms) = preSolution
		Debug|Any CPU = Debug|Any CPU
		Release|Any CPU = Release|Any CPU
	EndGlobalSection
	GlobalSection(ProjectConfigurationPlatforms) = postSolution
		{AEE1524B-61C2-4250-8EF1-318E9E340F1D}.Debug|Any CPU.ActiveCfg = Debug|Any CPU
		{AEE1524B-61C2-4250-8EF1-318E9E340F1D}.Debug|Any CPU.Build.0 = Debug|Any CPU
		{AEE1524B-61C2-4250-8EF1-318E9E340F1D}.Release|Any CPU.ActiveCfg = Release|Any CPU
		{AEE1524B-61C2-4250-8EF1-318E9E340F1D}.Release|Any CPU.Build.0 = Release|Any CPU
	EndGlobalSection
	GlobalSection(SolutionProperties) = preSolution
		HideSolutionNode = FALSE
	EndGlobalSection
	GlobalSection(ExtensibilityGlobals) = postSolution
		SolutionGuid = {C93D6D5C-6AA3-4E4E-9BE6-6F1A0948D1ED}
	EndGlobalSection
EndGlobal
